
Microsoft Visual Studio Solution File, Format Version 11.00
# Visual Studio 2012
Project("{8BC9CEB8-8B4A-11D0-8D11-00A0C91BC942}") = "3d", "3d.vcxproj", "{BDC928D9-C739-40F3-B869-B528391C41DA}"
EndProject
Project("{8BC9CEB8-8B4A-11D0-8D11-00A0C91BC942}") = "asyncio", "asyncio.vcxproj", "{C69BAC67-3573-4775-8601-DCE14BCA06B1}"
EndProject
Project("{8BC9CEB8-8B4A-11D0-8D11-00A0C91BC942}") = "channel_groups", "channel_groups.vcxproj", "{C63492A4-F652-4148-BD0E-95B67C20C939}"
EndProject
Project("{8BC9CEB8-8B4A-11D0-8D11-00A0C91BC942}") = "convolution_reverb", "convolution_reverb.vcxproj", "{24E4E4A2-67B3-4F85-9F9A-E75AE1E3D06E}"
EndProject
Project("{8BC9CEB8-8B4A-11D0-8D11-00A0C91BC942}") = "dsp_custom", "dsp_custom.vcxproj", "{047A18D8-06CB-419F-AEF8-661AFC4015F6}"
EndProject
Project("{8BC9CEB8-8B4A-11D0-8D11-00A0C91BC942}") = "dsp_effect_per_speaker", "dsp_effect_per_speaker.vcxproj", "{A216D5CA-38CF-4DB5-992C-3F6CF3274B28}"
EndProject
Project("{8BC9CEB8-8B4A-11D0-8D11-00A0C91BC942}") = "dsp_inspector", "dsp_inspector.vcxproj", "{A29EC779-E4D0-4053-B40C-F40D160575C8}"
EndProject
Project("{8BC9CEB8-8B4A-11D0-8D11-00A0C91BC942}") = "effects", "effects.vcxproj", "{1804D0FB-E134-47E5-821E-35D231BD7019}"
EndProject
Project("{8BC9CEB8-8B4A-11D0-8D11-00A0C91BC942}") = "gapless_playback", "gapless_playback.vcxproj", "{F1F5F313-42AC-4008-BB9C-FAC9E7B907BE}"
EndProject
Project("{8BC9CEB8-8B4A-11D0-8D11-00A0C91BC942}") = "generate_tone", "generate_tone.vcxproj", "{034DFE73-2720-4C1D-B6EA-B1BA98E297F2}"
EndProject
Project("{8BC9CEB8-8B4A-11D0-8D11-00A0C91BC942}") = "granular_synth", "granular_synth.vcxproj", "{E662C927-94F2-4BBC-8F77-224E91DAD0A6}"
EndProject
Project("{8BC9CEB8-8B4A-11D0-8D11-00A0C91BC942}") = "load_from_memory", "load_from_memory.vcxproj", "{D3FA3722-102A-4BC8-AD6C-B020B4953453}"
EndProject
Project("{8BC9CEB8-8B4A-11D0-8D11-00A0C91BC942}") = "multiple_speaker", "multiple_speaker.vcxproj", "{B65A9176-F834-4780-9138-3FC67F97DCB1}"
EndProject
Project("{8BC9CEB8-8B4A-11D0-8D11-00A0C91BC942}") = "multiple_system", "multiple_system.vcxproj", "{43C51DE2-A251-4F25-8286-10A699451B72}"
EndProject
Project("{8BC9CEB8-8B4A-11D0-8D11-00A0C91BC942}") = "net_stream", "net_stream.vcxproj", "{2C74EF42-8BD8-4226-B754-0AB6CDE7EE7F}"
EndProject
Project("{8BC9CEB8-8B4A-11D0-8D11-00A0C91BC942}") = "play_sound", "play_sound.vcxproj", "{A51F0DCA-5023-4623-BE12-FA08A84E1938}"
EndProject
Project("{8BC9CEB8-8B4A-11D0-8D11-00A0C91BC942}") = "play_stream", "play_stream.vcxproj", "{CA9A8462-5E7D-422E-B074-D21CC4EFCFF6}"
EndProject
Project("{8BC9CEB8-8B4A-11D0-8D11-00A0C91BC942}") = "record", "record.vcxproj", "{53D67AE2-65E9-497C-BAAE-59772ADC63FB}"
EndProject
Project("{8BC9CEB8-8B4A-11D0-8D11-00A0C91BC942}") = "record_enumeration", "record_enumeration.vcxproj", "{8FDA3E36-42B5-4EDA-8B71-096369CA6634}"
EndProject
Project("{8BC9CEB8-8B4A-11D0-8D11-00A0C91BC942}") = "user_created_sound", "user_created_sound.vcxproj", "{9C76793C-6C18-4307-9F47-15C054528003}"
EndProject
Project("{8BC9CEB8-8B4A-11D0-8D11-00A0C91BC942}") = "fmod_codec_raw", "fmod_codec_raw.vcxproj", "{A27D90AE-0102-4AC4-A2AA-E6DA7858CA0E}"
EndProject
Project("{8BC9CEB8-8B4A-11D0-8D11-00A0C91BC942}") = "fmod_distance_filter", "fmod_distance_filter.vcxproj", "{B319985A-939F-4305-88EF-1CB92D59EBE7}"
EndProject
Project("{8BC9CEB8-8B4A-11D0-8D11-00A0C91BC942}") = "fmod_gain", "fmod_gain.vcxproj", "{0030B748-97D4-41B9-AB3C-75D9EC4DD865}"
EndProject
Project("{8BC9CEB8-8B4A-11D0-8D11-00A0C91BC942}") = "fmod_noise", "fmod_noise.vcxproj", "{8BBAD65B-A750-4240-8CC6-D21671D258B9}"
EndProject
Project("{8BC9CEB8-8B4A-11D0-8D11-00A0C91BC942}") = "output_mp3", "output_mp3.vcxproj", "{E9120377-1028-4FBE-86BE-3F2D3EC7CF65}"
EndProject
Global
	GlobalSection(SolutionConfigurationPlatforms) = preSolution
		Debug|Win32 = Debug|Win32
		Debug|x64 = Debug|x64
		Release|Win32 = Release|Win32
		Release|x64 = Release|x64
	EndGlobalSection
	GlobalSection(ProjectConfigurationPlatforms) = postSolution
		{BDC928D9-C739-40F3-B869-B528391C41DA}.Debug|Win32.ActiveCfg = Debug|Win32
		{BDC928D9-C739-40F3-B869-B528391C41DA}.Debug|Win32.Build.0 = Debug|Win32
		{BDC928D9-C739-40F3-B869-B528391C41DA}.Debug|Win32.Deploy.0 = Debug|Win32
		{BDC928D9-C739-40F3-B869-B528391C41DA}.Debug|x64.ActiveCfg = Debug|x64
		{BDC928D9-C739-40F3-B869-B528391C41DA}.Debug|x64.Build.0 = Debug|x64
		{BDC928D9-C739-40F3-B869-B528391C41DA}.Debug|x64.Deploy.0 = Debug|x64
		{BDC928D9-C739-40F3-B869-B528391C41DA}.Release|Win32.ActiveCfg = Release|Win32
		{BDC928D9-C739-40F3-B869-B528391C41DA}.Release|Win32.Build.0 = Release|Win32
		{BDC928D9-C739-40F3-B869-B528391C41DA}.Release|Win32.Deploy.0 = Release|Win32
		{BDC928D9-C739-40F3-B869-B528391C41DA}.Release|x64.ActiveCfg = Release|x64
		{BDC928D9-C739-40F3-B869-B528391C41DA}.Release|x64.Build.0 = Release|x64
		{BDC928D9-C739-40F3-B869-B528391C41DA}.Release|x64.Deploy.0 = Release|x64
		{C69BAC67-3573-4775-8601-DCE14BCA06B1}.Debug|Win32.ActiveCfg = Debug|Win32
		{C69BAC67-3573-4775-8601-DCE14BCA06B1}.Debug|Win32.Build.0 = Debug|Win32
		{C69BAC67-3573-4775-8601-DCE14BCA06B1}.Debug|Win32.Deploy.0 = Debug|Win32
		{C69BAC67-3573-4775-8601-DCE14BCA06B1}.Debug|x64.ActiveCfg = Debug|x64
		{C69BAC67-3573-4775-8601-DCE14BCA06B1}.Debug|x64.Build.0 = Debug|x64
		{C69BAC67-3573-4775-8601-DCE14BCA06B1}.Debug|x64.Deploy.0 = Debug|x64
		{C69BAC67-3573-4775-8601-DCE14BCA06B1}.Release|Win32.ActiveCfg = Release|Win32
		{C69BAC67-3573-4775-8601-DCE14BCA06B1}.Release|Win32.Build.0 = Release|Win32
		{C69BAC67-3573-4775-8601-DCE14BCA06B1}.Release|Win32.Deploy.0 = Release|Win32
		{C69BAC67-3573-4775-8601-DCE14BCA06B1}.Release|x64.ActiveCfg = Release|x64
		{C69BAC67-3573-4775-8601-DCE14BCA06B1}.Release|x64.Build.0 = Release|x64
		{C69BAC67-3573-4775-8601-DCE14BCA06B1}.Release|x64.Deploy.0 = Release|x64
		{C63492A4-F652-4148-BD0E-95B67C20C939}.Debug|Win32.ActiveCfg = Debug|Win32
		{C63492A4-F652-4148-BD0E-95B67C20C939}.Debug|Win32.Build.0 = Debug|Win32
		{C63492A4-F652-4148-BD0E-95B67C20C939}.Debug|Win32.Deploy.0 = Debug|Win32
		{C63492A4-F652-4148-BD0E-95B67C20C939}.Debug|x64.ActiveCfg = Debug|x64
		{C63492A4-F652-4148-BD0E-95B67C20C939}.Debug|x64.Build.0 = Debug|x64
		{C63492A4-F652-4148-BD0E-95B67C20C939}.Debug|x64.Deploy.0 = Debug|x64
		{C63492A4-F652-4148-BD0E-95B67C20C939}.Release|Win32.ActiveCfg = Release|Win32
		{C63492A4-F652-4148-BD0E-95B67C20C939}.Release|Win32.Build.0 = Release|Win32
		{C63492A4-F652-4148-BD0E-95B67C20C939}.Release|Win32.Deploy.0 = Release|Win32
		{C63492A4-F652-4148-BD0E-95B67C20C939}.Release|x64.ActiveCfg = Release|x64
		{C63492A4-F652-4148-BD0E-95B67C20C939}.Release|x64.Build.0 = Release|x64
		{C63492A4-F652-4148-BD0E-95B67C20C939}.Release|x64.Deploy.0 = Release|x64
		{24E4E4A2-67B3-4F85-9F9A-E75AE1E3D06E}.Debug|Win32.ActiveCfg = Debug|Win32
		{24E4E4A2-67B3-4F85-9F9A-E75AE1E3D06E}.Debug|Win32.Build.0 = Debug|Win32
		{24E4E4A2-67B3-4F85-9F9A-E75AE1E3D06E}.Debug|Win32.Deploy.0 = Debug|Win32
		{24E4E4A2-67B3-4F85-9F9A-E75AE1E3D06E}.Debug|x64.ActiveCfg = Debug|x64
		{24E4E4A2-67B3-4F85-9F9A-E75AE1E3D06E}.Debug|x64.Build.0 = Debug|x64
		{24E4E4A2-67B3-4F85-9F9A-E75AE1E3D06E}.Debug|x64.Deploy.0 = Debug|x64
		{24E4E4A2-67B3-4F85-9F9A-E75AE1E3D06E}.Release|Win32.ActiveCfg = Release|Win32
		{24E4E4A2-67B3-4F85-9F9A-E75AE1E3D06E}.Release|Win32.Build.0 = Release|Win32
		{24E4E4A2-67B3-4F85-9F9A-E75AE1E3D06E}.Release|Win32.Deploy.0 = Release|Win32
		{24E4E4A2-67B3-4F85-9F9A-E75AE1E3D06E}.Release|x64.ActiveCfg = Release|x64
		{24E4E4A2-67B3-4F85-9F9A-E75AE1E3D06E}.Release|x64.Build.0 = Release|x64
		{24E4E4A2-67B3-4F85-9F9A-E75AE1E3D06E}.Release|x64.Deploy.0 = Release|x64
		{047A18D8-06CB-419F-AEF8-661AFC4015F6}.Debug|Win32.ActiveCfg = Debug|Win32
		{047A18D8-06CB-419F-AEF8-661AFC4015F6}.Debug|Win32.Build.0 = Debug|Win32
		{047A18D8-06CB-419F-AEF8-661AFC4015F6}.Debug|Win32.Deploy.0 = Debug|Win32
		{047A18D8-06CB-419F-AEF8-661AFC4015F6}.Debug|x64.ActiveCfg = Debug|x64
		{047A18D8-06CB-419F-AEF8-661AFC4015F6}.Debug|x64.Build.0 = Debug|x64
		{047A18D8-06CB-419F-AEF8-661AFC4015F6}.Debug|x64.Deploy.0 = Debug|x64
		{047A18D8-06CB-419F-AEF8-661AFC4015F6}.Release|Win32.ActiveCfg = Release|Win32
		{047A18D8-06CB-419F-AEF8-661AFC4015F6}.Release|Win32.Build.0 = Release|Win32
		{047A18D8-06CB-419F-AEF8-661AFC4015F6}.Release|Win32.Deploy.0 = Release|Win32
		{047A18D8-06CB-419F-AEF8-661AFC4015F6}.Release|x64.ActiveCfg = Release|x64
		{047A18D8-06CB-419F-AEF8-661AFC4015F6}.Release|x64.Build.0 = Release|x64
		{047A18D8-06CB-419F-AEF8-661AFC4015F6}.Release|x64.Deploy.0 = Release|x64
		{A216D5CA-38CF-4DB5-992C-3F6CF3274B28}.Debug|Win32.ActiveCfg = Debug|Win32
		{A216D5CA-38CF-4DB5-992C-3F6CF3274B28}.Debug|Win32.Build.0 = Debug|Win32
		{A216D5CA-38CF-4DB5-992C-3F6CF3274B28}.Debug|Win32.Deploy.0 = Debug|Win32
		{A216D5CA-38CF-4DB5-992C-3F6CF3274B28}.Debug|x64.ActiveCfg = Debug|x64
		{A216D5CA-38CF-4DB5-992C-3F6CF3274B28}.Debug|x64.Build.0 = Debug|x64
		{A216D5CA-38CF-4DB5-992C-3F6CF3274B28}.Debug|x64.Deploy.0 = Debug|x64
		{A216D5CA-38CF-4DB5-992C-3F6CF3274B28}.Release|Win32.ActiveCfg = Release|Win32
		{A216D5CA-38CF-4DB5-992C-3F6CF3274B28}.Release|Win32.Build.0 = Release|Win32
		{A216D5CA-38CF-4DB5-992C-3F6CF3274B28}.Release|Win32.Deploy.0 = Release|Win32
		{A216D5CA-38CF-4DB5-992C-3F6CF3274B28}.Release|x64.ActiveCfg = Release|x64
		{A216D5CA-38CF-4DB5-992C-3F6CF3274B28}.Release|x64.Build.0 = Release|x64
		{A216D5CA-38CF-4DB5-992C-3F6CF3274B28}.Release|x64.Deploy.0 = Release|x64
		{A29EC779-E4D0-4053-B40C-F40D160575C8}.Debug|Win32.ActiveCfg = Debug|Win32
		{A29EC779-E4D0-4053-B40C-F40D160575C8}.Debug|Win32.Build.0 = Debug|Win32
		{A29EC779-E4D0-4053-B40C-F40D160575C8}.Debug|Win32.Deploy.0 = Debug|Win32
		{A29EC779-E4D0-4053-B40C-F40D160575C8}.Debug|x64.ActiveCfg = Debug|x64
		{A29EC779-E4D0-4053-B40C-F40D160575C8}.Debug|x64.Build.0 = Debug|x64
		{A29EC779-E4D0-4053-B40C-F40D160575C8}.Debug|x64.Deploy.0 = Debug|x64
		{A29EC779-E4D0-4053-B40C-F40D160575C8}.Release|Win32.ActiveCfg = Release|Win32
		{A29EC779-E4D0-4053-B40C-F40D160575C8}.Release|Win32.Build.0 = Release|Win32
		{A29EC779-E4D0-4053-B40C-F40D160575C8}.Release|Win32.Deploy.0 = Release|Win32
		{A29EC779-E4D0-4053-B40C-F40D160575C8}.Release|x64.ActiveCfg = Release|x64
		{A29EC779-E4D0-4053-B40C-F40D160575C8}.Release|x64.Build.0 = Release|x64
		{A29EC779-E4D0-4053-B40C-F40D160575C8}.Release|x64.Deploy.0 = Release|x64
		{1804D0FB-E134-47E5-821E-35D231BD7019}.Debug|Win32.ActiveCfg = Debug|Win32
		{1804D0FB-E134-47E5-821E-35D231BD7019}.Debug|Win32.Build.0 = Debug|Win32
		{1804D0FB-E134-47E5-821E-35D231BD7019}.Debug|Win32.Deploy.0 = Debug|Win32
		{1804D0FB-E134-47E5-821E-35D231BD7019}.Debug|x64.ActiveCfg = Debug|x64
		{1804D0FB-E134-47E5-821E-35D231BD7019}.Debug|x64.Build.0 = Debug|x64
		{1804D0FB-E134-47E5-821E-35D231BD7019}.Debug|x64.Deploy.0 = Debug|x64
		{1804D0FB-E134-47E5-821E-35D231BD7019}.Release|Win32.ActiveCfg = Release|Win32
		{1804D0FB-E134-47E5-821E-35D231BD7019}.Release|Win32.Build.0 = Release|Win32
		{1804D0FB-E134-47E5-821E-35D231BD7019}.Release|Win32.Deploy.0 = Release|Win32
		{1804D0FB-E134-47E5-821E-35D231BD7019}.Release|x64.ActiveCfg = Release|x64
		{1804D0FB-E134-47E5-821E-35D231BD7019}.Release|x64.Build.0 = Release|x64
		{1804D0FB-E134-47E5-821E-35D231BD7019}.Release|x64.Deploy.0 = Release|x64
		{F1F5F313-42AC-4008-BB9C-FAC9E7B907BE}.Debug|Win32.ActiveCfg = Debug|Win32
		{F1F5F313-42AC-4008-BB9C-FAC9E7B907BE}.Debug|Win32.Build.0 = Debug|Win32
		{F1F5F313-42AC-4008-BB9C-FAC9E7B907BE}.Debug|Win32.Deploy.0 = Debug|Win32
		{F1F5F313-42AC-4008-BB9C-FAC9E7B907BE}.Debug|x64.ActiveCfg = Debug|x64
		{F1F5F313-42AC-4008-BB9C-FAC9E7B907BE}.Debug|x64.Build.0 = Debug|x64
		{F1F5F313-42AC-4008-BB9C-FAC9E7B907BE}.Debug|x64.Deploy.0 = Debug|x64
		{F1F5F313-42AC-4008-BB9C-FAC9E7B907BE}.Release|Win32.ActiveCfg = Release|Win32
		{F1F5F313-42AC-4008-BB9C-FAC9E7B907BE}.Release|Win32.Build.0 = Release|Win32
		{F1F5F313-42AC-4008-BB9C-FAC9E7B907BE}.Release|Win32.Deploy.0 = Release|Win32
		{F1F5F313-42AC-4008-BB9C-FAC9E7B907BE}.Release|x64.ActiveCfg = Release|x64
		{F1F5F313-42AC-4008-BB9C-FAC9E7B907BE}.Release|x64.Build.0 = Release|x64
		{F1F5F313-42AC-4008-BB9C-FAC9E7B907BE}.Release|x64.Deploy.0 = Release|x64
		{034DFE73-2720-4C1D-B6EA-B1BA98E297F2}.Debug|Win32.ActiveCfg = Debug|Win32
		{034DFE73-2720-4C1D-B6EA-B1BA98E297F2}.Debug|Win32.Build.0 = Debug|Win32
		{034DFE73-2720-4C1D-B6EA-B1BA98E297F2}.Debug|Win32.Deploy.0 = Debug|Win32
		{034DFE73-2720-4C1D-B6EA-B1BA98E297F2}.Debug|x64.ActiveCfg = Debug|x64
		{034DFE73-2720-4C1D-B6EA-B1BA98E297F2}.Debug|x64.Build.0 = Debug|x64
		{034DFE73-2720-4C1D-B6EA-B1BA98E297F2}.Debug|x64.Deploy.0 = Debug|x64
		{034DFE73-2720-4C1D-B6EA-B1BA98E297F2}.Release|Win32.ActiveCfg = Release|Win32
		{034DFE73-2720-4C1D-B6EA-B1BA98E297F2}.Release|Win32.Build.0 = Release|Win32
		{034DFE73-2720-4C1D-B6EA-B1BA98E297F2}.Release|Win32.Deploy.0 = Release|Win32
		{034DFE73-2720-4C1D-B6EA-B1BA98E297F2}.Release|x64.ActiveCfg = Release|x64
		{034DFE73-2720-4C1D-B6EA-B1BA98E297F2}.Release|x64.Build.0 = Release|x64
		{034DFE73-2720-4C1D-B6EA-B1BA98E297F2}.Release|x64.Deploy.0 = Release|x64
		{E662C927-94F2-4BBC-8F77-224E91DAD0A6}.Debug|Win32.ActiveCfg = Debug|Win32
		{E662C927-94F2-4BBC-8F77-224E91DAD0A6}.Debug|Win32.Build.0 = Debug|Win32
		{E662C927-94F2-4BBC-8F77-224E91DAD0A6}.Debug|Win32.Deploy.0 = Debug|Win32
		{E662C927-94F2-4BBC-8F77-224E91DAD0A6}.Debug|x64.ActiveCfg = Debug|x64
		{E662C927-94F2-4BBC-8F77-224E91DAD0A6}.Debug|x64.Build.0 = Debug|x64
		{E662C927-94F2-4BBC-8F77-224E91DAD0A6}.Debug|x64.Deploy.0 = Debug|x64
		{E662C927-94F2-4BBC-8F77-224E91DAD0A6}.Release|Win32.ActiveCfg = Release|Win32
		{E662C927-94F2-4BBC-8F77-224E91DAD0A6}.Release|Win32.Build.0 = Release|Win32
		{E662C927-94F2-4BBC-8F77-224E91DAD0A6}.Release|Win32.Deploy.0 = Release|Win32
		{E662C927-94F2-4BBC-8F77-224E91DAD0A6}.Release|x64.ActiveCfg = Release|x64
		{E662C927-94F2-4BBC-8F77-224E91DAD0A6}.Release|x64.Build.0 = Release|x64
		{E662C927-94F2-4BBC-8F77-224E91DAD0A6}.Release|x64.Deploy.0 = Release|x64
		{D3FA3722-102A-4BC8-AD6C-B020B4953453}.Debug|Win32.ActiveCfg = Debug|Win32
		{D3FA3722-102A-4BC8-AD6C-B020B4953453}.Debug|Win32.Build.0 = Debug|Win32
		{D3FA3722-102A-4BC8-AD6C-B020B4953453}.Debug|Win32.Deploy.0 = Debug|Win32
		{D3FA3722-102A-4BC8-AD6C-B020B4953453}.Debug|x64.ActiveCfg = Debug|x64
		{D3FA3722-102A-4BC8-AD6C-B020B4953453}.Debug|x64.Build.0 = Debug|x64
		{D3FA3722-102A-4BC8-AD6C-B020B4953453}.Debug|x64.Deploy.0 = Debug|x64
		{D3FA3722-102A-4BC8-AD6C-B020B4953453}.Release|Win32.ActiveCfg = Release|Win32
		{D3FA3722-102A-4BC8-AD6C-B020B4953453}.Release|Win32.Build.0 = Release|Win32
		{D3FA3722-102A-4BC8-AD6C-B020B4953453}.Release|Win32.Deploy.0 = Release|Win32
		{D3FA3722-102A-4BC8-AD6C-B020B4953453}.Release|x64.ActiveCfg = Release|x64
		{D3FA3722-102A-4BC8-AD6C-B020B4953453}.Release|x64.Build.0 = Release|x64
		{D3FA3722-102A-4BC8-AD6C-B020B4953453}.Release|x64.Deploy.0 = Release|x64
		{B65A9176-F834-4780-9138-3FC67F97DCB1}.Debug|Win32.ActiveCfg = Debug|Win32
		{B65A9176-F834-4780-9138-3FC67F97DCB1}.Debug|Win32.Build.0 = Debug|Win32
		{B65A9176-F834-4780-9138-3FC67F97DCB1}.Debug|Win32.Deploy.0 = Debug|Win32
		{B65A9176-F834-4780-9138-3FC67F97DCB1}.Debug|x64.ActiveCfg = Debug|x64
		{B65A9176-F834-4780-9138-3FC67F97DCB1}.Debug|x64.Build.0 = Debug|x64
		{B65A9176-F834-4780-9138-3FC67F97DCB1}.Debug|x64.Deploy.0 = Debug|x64
		{B65A9176-F834-4780-9138-3FC67F97DCB1}.Release|Win32.ActiveCfg = Release|Win32
		{B65A9176-F834-4780-9138-3FC67F97DCB1}.Release|Win32.Build.0 = Release|Win32
		{B65A9176-F834-4780-9138-3FC67F97DCB1}.Release|Win32.Deploy.0 = Release|Win32
		{B65A9176-F834-4780-9138-3FC67F97DCB1}.Release|x64.ActiveCfg = Release|x64
		{B65A9176-F834-4780-9138-3FC67F97DCB1}.Release|x64.Build.0 = Release|x64
		{B65A9176-F834-4780-9138-3FC67F97DCB1}.Release|x64.Deploy.0 = Release|x64
		{43C51DE2-A251-4F25-8286-10A699451B72}.Debug|Win32.ActiveCfg = Debug|Win32
		{43C51DE2-A251-4F25-8286-10A699451B72}.Debug|Win32.Build.0 = Debug|Win32
		{43C51DE2-A251-4F25-8286-10A699451B72}.Debug|Win32.Deploy.0 = Debug|Win32
		{43C51DE2-A251-4F25-8286-10A699451B72}.Debug|x64.ActiveCfg = Debug|x64
		{43C51DE2-A251-4F25-8286-10A699451B72}.Debug|x64.Build.0 = Debug|x64
		{43C51DE2-A251-4F25-8286-10A699451B72}.Debug|x64.Deploy.0 = Debug|x64
		{43C51DE2-A251-4F25-8286-10A699451B72}.Release|Win32.ActiveCfg = Release|Win32
		{43C51DE2-A251-4F25-8286-10A699451B72}.Release|Win32.Build.0 = Release|Win32
		{43C51DE2-A251-4F25-8286-10A699451B72}.Release|Win32.Deploy.0 = Release|Win32
		{43C51DE2-A251-4F25-8286-10A699451B72}.Release|x64.ActiveCfg = Release|x64
		{43C51DE2-A251-4F25-8286-10A699451B72}.Release|x64.Build.0 = Release|x64
		{43C51DE2-A251-4F25-8286-10A699451B72}.Release|x64.Deploy.0 = Release|x64
		{2C74EF42-8BD8-4226-B754-0AB6CDE7EE7F}.Debug|Win32.ActiveCfg = Debug|Win32
		{2C74EF42-8BD8-4226-B754-0AB6CDE7EE7F}.Debug|Win32.Build.0 = Debug|Win32
		{2C74EF42-8BD8-4226-B754-0AB6CDE7EE7F}.Debug|Win32.Deploy.0 = Debug|Win32
		{2C74EF42-8BD8-4226-B754-0AB6CDE7EE7F}.Debug|x64.ActiveCfg = Debug|x64
		{2C74EF42-8BD8-4226-B754-0AB6CDE7EE7F}.Debug|x64.Build.0 = Debug|x64
		{2C74EF42-8BD8-4226-B754-0AB6CDE7EE7F}.Debug|x64.Deploy.0 = Debug|x64
		{2C74EF42-8BD8-4226-B754-0AB6CDE7EE7F}.Release|Win32.ActiveCfg = Release|Win32
		{2C74EF42-8BD8-4226-B754-0AB6CDE7EE7F}.Release|Win32.Build.0 = Release|Win32
		{2C74EF42-8BD8-4226-B754-0AB6CDE7EE7F}.Release|Win32.Deploy.0 = Release|Win32
		{2C74EF42-8BD8-4226-B754-0AB6CDE7EE7F}.Release|x64.ActiveCfg = Release|x64
		{2C74EF42-8BD8-4226-B754-0AB6CDE7EE7F}.Release|x64.Build.0 = Release|x64
		{2C74EF42-8BD8-4226-B754-0AB6CDE7EE7F}.Release|x64.Deploy.0 = Release|x64
		{A51F0DCA-5023-4623-BE12-FA08A84E1938}.Debug|Win32.ActiveCfg = Debug|Win32
		{A51F0DCA-5023-4623-BE12-FA08A84E1938}.Debug|Win32.Build.0 = Debug|Win32
		{A51F0DCA-5023-4623-BE12-FA08A84E1938}.Debug|Win32.Deploy.0 = Debug|Win32
		{A51F0DCA-5023-4623-BE12-FA08A84E1938}.Debug|x64.ActiveCfg = Debug|x64
		{A51F0DCA-5023-4623-BE12-FA08A84E1938}.Debug|x64.Build.0 = Debug|x64
		{A51F0DCA-5023-4623-BE12-FA08A84E1938}.Debug|x64.Deploy.0 = Debug|x64
		{A51F0DCA-5023-4623-BE12-FA08A84E1938}.Release|Win32.ActiveCfg = Release|Win32
		{A51F0DCA-5023-4623-BE12-FA08A84E1938}.Release|Win32.Build.0 = Release|Win32
		{A51F0DCA-5023-4623-BE12-FA08A84E1938}.Release|Win32.Deploy.0 = Release|Win32
		{A51F0DCA-5023-4623-BE12-FA08A84E1938}.Release|x64.ActiveCfg = Release|x64
		{A51F0DCA-5023-4623-BE12-FA08A84E1938}.Release|x64.Build.0 = Release|x64
		{A51F0DCA-5023-4623-BE12-FA08A84E1938}.Release|x64.Deploy.0 = Release|x64
		{CA9A8462-5E7D-422E-B074-D21CC4EFCFF6}.Debug|Win32.ActiveCfg = Debug|Win32
		{CA9A8462-5E7D-422E-B074-D21CC4EFCFF6}.Debug|Win32.Build.0 = Debug|Win32
		{CA9A8462-5E7D-422E-B074-D21CC4EFCFF6}.Debug|Win32.Deploy.0 = Debug|Win32
		{CA9A8462-5E7D-422E-B074-D21CC4EFCFF6}.Debug|x64.ActiveCfg = Debug|x64
		{CA9A8462-5E7D-422E-B074-D21CC4EFCFF6}.Debug|x64.Build.0 = Debug|x64
		{CA9A8462-5E7D-422E-B074-D21CC4EFCFF6}.Debug|x64.Deploy.0 = Debug|x64
		{CA9A8462-5E7D-422E-B074-D21CC4EFCFF6}.Release|Win32.ActiveCfg = Release|Win32
		{CA9A8462-5E7D-422E-B074-D21CC4EFCFF6}.Release|Win32.Build.0 = Release|Win32
		{CA9A8462-5E7D-422E-B074-D21CC4EFCFF6}.Release|Win32.Deploy.0 = Release|Win32
		{CA9A8462-5E7D-422E-B074-D21CC4EFCFF6}.Release|x64.ActiveCfg = Release|x64
		{CA9A8462-5E7D-422E-B074-D21CC4EFCFF6}.Release|x64.Build.0 = Release|x64
		{CA9A8462-5E7D-422E-B074-D21CC4EFCFF6}.Release|x64.Deploy.0 = Release|x64
		{53D67AE2-65E9-497C-BAAE-59772ADC63FB}.Debug|Win32.ActiveCfg = Debug|Win32
		{53D67AE2-65E9-497C-BAAE-59772ADC63FB}.Debug|Win32.Build.0 = Debug|Win32
		{53D67AE2-65E9-497C-BAAE-59772ADC63FB}.Debug|Win32.Deploy.0 = Debug|Win32
		{53D67AE2-65E9-497C-BAAE-59772ADC63FB}.Debug|x64.ActiveCfg = Debug|x64
		{53D67AE2-65E9-497C-BAAE-59772ADC63FB}.Debug|x64.Build.0 = Debug|x64
		{53D67AE2-65E9-497C-BAAE-59772ADC63FB}.Debug|x64.Deploy.0 = Debug|x64
		{53D67AE2-65E9-497C-BAAE-59772ADC63FB}.Release|Win32.ActiveCfg = Release|Win32
		{53D67AE2-65E9-497C-BAAE-59772ADC63FB}.Release|Win32.Build.0 = Release|Win32
		{53D67AE2-65E9-497C-BAAE-59772ADC63FB}.Release|Win32.Deploy.0 = Release|Win32
		{53D67AE2-65E9-497C-BAAE-59772ADC63FB}.Release|x64.ActiveCfg = Release|x64
		{53D67AE2-65E9-497C-BAAE-59772ADC63FB}.Release|x64.Build.0 = Release|x64
		{53D67AE2-65E9-497C-BAAE-59772ADC63FB}.Release|x64.Deploy.0 = Release|x64
		{8FDA3E36-42B5-4EDA-8B71-096369CA6634}.Debug|Win32.ActiveCfg = Debug|Win32
		{8FDA3E36-42B5-4EDA-8B71-096369CA6634}.Debug|Win32.Build.0 = Debug|Win32
		{8FDA3E36-42B5-4EDA-8B71-096369CA6634}.Debug|Win32.Deploy.0 = Debug|Win32
		{8FDA3E36-42B5-4EDA-8B71-096369CA6634}.Debug|x64.ActiveCfg = Debug|x64
		{8FDA3E36-42B5-4EDA-8B71-096369CA6634}.Debug|x64.Build.0 = Debug|x64
		{8FDA3E36-42B5-4EDA-8B71-096369CA6634}.Debug|x64.Deploy.0 = Debug|x64
		{8FDA3E36-42B5-4EDA-8B71-096369CA6634}.Release|Win32.ActiveCfg = Release|Win32
		{8FDA3E36-42B5-4EDA-8B71-096369CA6634}.Release|Win32.Build.0 = Release|Win32
		{8FDA3E36-42B5-4EDA-8B71-096369CA6634}.Release|Win32.Deploy.0 = Release|Win32
		{8FDA3E36-42B5-4EDA-8B71-096369CA6634}.Release|x64.ActiveCfg = Release|x64
		{8FDA3E36-42B5-4EDA-8B71-096369CA6634}.Release|x64.Build.0 = Release|x64
		{8FDA3E36-42B5-4EDA-8B71-096369CA6634}.Release|x64.Deploy.0 = Release|x64
		{9C76793C-6C18-4307-9F47-15C054528003}.Debug|Win32.ActiveCfg = Debug|Win32
		{9C76793C-6C18-4307-9F47-15C054528003}.Debug|Win32.Build.0 = Debug|Win32
		{9C76793C-6C18-4307-9F47-15C054528003}.Debug|Win32.Deploy.0 = Debug|Win32
		{9C76793C-6C18-4307-9F47-15C054528003}.Debug|x64.ActiveCfg = Debug|x64
		{9C76793C-6C18-4307-9F47-15C054528003}.Debug|x64.Build.0 = Debug|x64
		{9C76793C-6C18-4307-9F47-15C054528003}.Debug|x64.Deploy.0 = Debug|x64
		{9C76793C-6C18-4307-9F47-15C054528003}.Release|Win32.ActiveCfg = Release|Win32
		{9C76793C-6C18-4307-9F47-15C054528003}.Release|Win32.Build.0 = Release|Win32
		{9C76793C-6C18-4307-9F47-15C054528003}.Release|Win32.Deploy.0 = Release|Win32
		{9C76793C-6C18-4307-9F47-15C054528003}.Release|x64.ActiveCfg = Release|x64
		{9C76793C-6C18-4307-9F47-15C054528003}.Release|x64.Build.0 = Release|x64
		{9C76793C-6C18-4307-9F47-15C054528003}.Release|x64.Deploy.0 = Release|x64
		{A27D90AE-0102-4AC4-A2AA-E6DA7858CA0E}.Debug|Win32.ActiveCfg = Debug|Win32
		{A27D90AE-0102-4AC4-A2AA-E6DA7858CA0E}.Debug|Win32.Build.0 = Debug|Win32
		{A27D90AE-0102-4AC4-A2AA-E6DA7858CA0E}.Debug|Win32.Deploy.0 = Debug|Win32
		{A27D90AE-0102-4AC4-A2AA-E6DA7858CA0E}.Debug|x64.ActiveCfg = Debug|x64
		{A27D90AE-0102-4AC4-A2AA-E6DA7858CA0E}.Debug|x64.Build.0 = Debug|x64
		{A27D90AE-0102-4AC4-A2AA-E6DA7858CA0E}.Debug|x64.Deploy.0 = Debug|x64
		{A27D90AE-0102-4AC4-A2AA-E6DA7858CA0E}.Release|Win32.ActiveCfg = Release|Win32
		{A27D90AE-0102-4AC4-A2AA-E6DA7858CA0E}.Release|Win32.Build.0 = Release|Win32
		{A27D90AE-0102-4AC4-A2AA-E6DA7858CA0E}.Release|Win32.Deploy.0 = Release|Win32
		{A27D90AE-0102-4AC4-A2AA-E6DA7858CA0E}.Release|x64.ActiveCfg = Release|x64
		{A27D90AE-0102-4AC4-A2AA-E6DA7858CA0E}.Release|x64.Build.0 = Release|x64
		{A27D90AE-0102-4AC4-A2AA-E6DA7858CA0E}.Release|x64.Deploy.0 = Release|x64
		{B319985A-939F-4305-88EF-1CB92D59EBE7}.Debug|Win32.ActiveCfg = Debug|Win32
		{B319985A-939F-4305-88EF-1CB92D59EBE7}.Debug|Win32.Build.0 = Debug|Win32
		{B319985A-939F-4305-88EF-1CB92D59EBE7}.Debug|Win32.Deploy.0 = Debug|Win32
		{B319985A-939F-4305-88EF-1CB92D59EBE7}.Debug|x64.ActiveCfg = Debug|x64
		{B319985A-939F-4305-88EF-1CB92D59EBE7}.Debug|x64.Build.0 = Debug|x64
		{B319985A-939F-4305-88EF-1CB92D59EBE7}.Debug|x64.Deploy.0 = Debug|x64
		{B319985A-939F-4305-88EF-1CB92D59EBE7}.Release|Win32.ActiveCfg = Release|Win32
		{B319985A-939F-4305-88EF-1CB92D59EBE7}.Release|Win32.Build.0 = Release|Win32
		{B319985A-939F-4305-88EF-1CB92D59EBE7}.Release|Win32.Deploy.0 = Release|Win32
		{B319985A-939F-4305-88EF-1CB92D59EBE7}.Release|x64.ActiveCfg = Release|x64
		{B319985A-939F-4305-88EF-1CB92D59EBE7}.Release|x64.Build.0 = Release|x64
		{B319985A-939F-4305-88EF-1CB92D59EBE7}.Release|x64.Deploy.0 = Release|x64
		{0030B748-97D4-41B9-AB3C-75D9EC4DD865}.Debug|Win32.ActiveCfg = Debug|Win32
		{0030B748-97D4-41B9-AB3C-75D9EC4DD865}.Debug|Win32.Build.0 = Debug|Win32
		{0030B748-97D4-41B9-AB3C-75D9EC4DD865}.Debug|Win32.Deploy.0 = Debug|Win32
		{0030B748-97D4-41B9-AB3C-75D9EC4DD865}.Debug|x64.ActiveCfg = Debug|x64
		{0030B748-97D4-41B9-AB3C-75D9EC4DD865}.Debug|x64.Build.0 = Debug|x64
		{0030B748-97D4-41B9-AB3C-75D9EC4DD865}.Debug|x64.Deploy.0 = Debug|x64
		{0030B748-97D4-41B9-AB3C-75D9EC4DD865}.Release|Win32.ActiveCfg = Release|Win32
		{0030B748-97D4-41B9-AB3C-75D9EC4DD865}.Release|Win32.Build.0 = Release|Win32
		{0030B748-97D4-41B9-AB3C-75D9EC4DD865}.Release|Win32.Deploy.0 = Release|Win32
		{0030B748-97D4-41B9-AB3C-75D9EC4DD865}.Release|x64.ActiveCfg = Release|x64
		{0030B748-97D4-41B9-AB3C-75D9EC4DD865}.Release|x64.Build.0 = Release|x64
		{0030B748-97D4-41B9-AB3C-75D9EC4DD865}.Release|x64.Deploy.0 = Release|x64
		{8BBAD65B-A750-4240-8CC6-D21671D258B9}.Debug|Win32.ActiveCfg = Debug|Win32
		{8BBAD65B-A750-4240-8CC6-D21671D258B9}.Debug|Win32.Build.0 = Debug|Win32
		{8BBAD65B-A750-4240-8CC6-D21671D258B9}.Debug|Win32.Deploy.0 = Debug|Win32
		{8BBAD65B-A750-4240-8CC6-D21671D258B9}.Debug|x64.ActiveCfg = Debug|x64
		{8BBAD65B-A750-4240-8CC6-D21671D258B9}.Debug|x64.Build.0 = Debug|x64
		{8BBAD65B-A750-4240-8CC6-D21671D258B9}.Debug|x64.Deploy.0 = Debug|x64
		{8BBAD65B-A750-4240-8CC6-D21671D258B9}.Release|Win32.ActiveCfg = Release|Win32
		{8BBAD65B-A750-4240-8CC6-D21671D258B9}.Release|Win32.Build.0 = Release|Win32
		{8BBAD65B-A750-4240-8CC6-D21671D258B9}.Release|Win32.Deploy.0 = Release|Win32
		{8BBAD65B-A750-4240-8CC6-D21671D258B9}.Release|x64.ActiveCfg = Release|x64
		{8BBAD65B-A750-4240-8CC6-D21671D258B9}.Release|x64.Build.0 = Release|x64
		{8BBAD65B-A750-4240-8CC6-D21671D258B9}.Release|x64.Deploy.0 = Release|x64
		{E9120377-1028-4FBE-86BE-3F2D3EC7CF65}.Debug|Win32.ActiveCfg = Debug|Win32
		{E9120377-1028-4FBE-86BE-3F2D3EC7CF65}.Debug|Win32.Build.0 = Debug|Win32
		{E9120377-1028-4FBE-86BE-3F2D3EC7CF65}.Debug|Win32.Deploy.0 = Debug|Win32
		{E9120377-1028-4FBE-86BE-3F2D3EC7CF65}.Debug|x64.ActiveCfg = Debug|x64
		{E9120377-1028-4FBE-86BE-3F2D3EC7CF65}.Debug|x64.Build.0 = Debug|x64
		{E9120377-1028-4FBE-86BE-3F2D3EC7CF65}.Debug|x64.Deploy.0 = Debug|x64
		{E9120377-1028-4FBE-86BE-3F2D3EC7CF65}.Release|Win32.ActiveCfg = Release|Win32
		{E9120377-1028-4FBE-86BE-3F2D3EC7CF65}.Release|Win32.Build.0 = Release|Win32
		{E9120377-1028-4FBE-86BE-3F2D3EC7CF65}.Release|Win32.Deploy.0 = Release|Win32
		{E9120377-1028-4FBE-86BE-3F2D3EC7CF65}.Release|x64.ActiveCfg = Release|x64
		{E9120377-1028-4FBE-86BE-3F2D3EC7CF65}.Release|x64.Build.0 = Release|x64
		{E9120377-1028-4FBE-86BE-3F2D3EC7CF65}.Release|x64.Deploy.0 = Release|x64
	EndGlobalSection
	GlobalSection(SolutionProperties) = preSolution
		HideSolutionNode = FALSE
	EndGlobalSection
EndGlobal
